
Microsoft Visual Studio Solution File, Format Version 12.00
# Visual Studio Version 17
VisualStudioVersion = 17.0.31903.59
MinimumVisualStudioVersion = 10.0.40219.1
Project("{FAE04EC0-301F-11D3-BF4B-00C04F79EFBC}") = "Flexischools.Api", "Flexischools.Api\Flexischools.Api.csproj", "{A98E5683-2CB0-4D65-910F-E63905D5F4F2}"
EndProject
Project("{FAE04EC0-301F-11D3-BF4B-00C04F79EFBC}") = "Flexischools.Domain", "Flexischools.Domain\Flexischools.Domain.csproj", "{F1663B8D-11EB-4BA8-A7E6-5D3DA10C495A}"
EndProject
Project("{FAE04EC0-301F-11D3-BF4B-00C04F79EFBC}") = "Flexischools.Application", "Flexischools.Application\Flexischools.Application.csproj", "{5FA48F97-372E-4E35-9267-56AE05992965}"
EndProject
Project("{FAE04EC0-301F-11D3-BF4B-00C04F79EFBC}") = "Flexischools.Infrastructure", "Flexischools.Infrastructure\Flexischools.Infrastructure.csproj", "{7F6AD61C-A6B5-4730-85C4-84A928AF5AB7}"
EndProject
Project("{FAE04EC0-301F-11D3-BF4B-00C04F79EFBC}") = "Flexischools.UnitTests", "Flexischools.UnitTests\Flexischools.UnitTests.csproj", "{D6E43727-5C2C-4A00-BD63-2BE9C3502F98}"
EndProject
Project("{FAE04EC0-301F-11D3-BF4B-00C04F79EFBC}") = "Flexischools.IntegrationTests", "Flexischools.IntegrationTests\Flexischools.IntegrationTests.csproj", "{180CB9D6-8CE6-4612-9119-194F3F190FCE}"
EndProject
Global
	GlobalSection(SolutionConfigurationPlatforms) = preSolution
		Debug|Any CPU = Debug|Any CPU
		Debug|x64 = Debug|x64
		Debug|x86 = Debug|x86
		Release|Any CPU = Release|Any CPU
		Release|x64 = Release|x64
		Release|x86 = Release|x86
	EndGlobalSection
	GlobalSection(ProjectConfigurationPlatforms) = postSolution
		{A98E5683-2CB0-4D65-910F-E63905D5F4F2}.Debug|Any CPU.ActiveCfg = Debug|Any CPU
		{A98E5683-2CB0-4D65-910F-E63905D5F4F2}.Debug|Any CPU.Build.0 = Debug|Any CPU
		{A98E5683-2CB0-4D65-910F-E63905D5F4F2}.Debug|x64.ActiveCfg = Debug|Any CPU
		{A98E5683-2CB0-4D65-910F-E63905D5F4F2}.Debug|x64.Build.0 = Debug|Any CPU
		{A98E5683-2CB0-4D65-910F-E63905D5F4F2}.Debug|x86.ActiveCfg = Debug|Any CPU
		{A98E5683-2CB0-4D65-910F-E63905D5F4F2}.Debug|x86.Build.0 = Debug|Any CPU
		{A98E5683-2CB0-4D65-910F-E63905D5F4F2}.Release|Any CPU.ActiveCfg = Release|Any CPU
		{A98E5683-2CB0-4D65-910F-E63905D5F4F2}.Release|Any CPU.Build.0 = Release|Any CPU
		{A98E5683-2CB0-4D65-910F-E63905D5F4F2}.Release|x64.ActiveCfg = Release|Any CPU
		{A98E5683-2CB0-4D65-910F-E63905D5F4F2}.Release|x64.Build.0 = Release|Any CPU
		{A98E5683-2CB0-4D65-910F-E63905D5F4F2}.Release|x86.ActiveCfg = Release|Any CPU
		{A98E5683-2CB0-4D65-910F-E63905D5F4F2}.Release|x86.Build.0 = Release|Any CPU
		{F1663B8D-11EB-4BA8-A7E6-5D3DA10C495A}.Debug|Any CPU.ActiveCfg = Debug|Any CPU
		{F1663B8D-11EB-4BA8-A7E6-5D3DA10C495A}.Debug|Any CPU.Build.0 = Debug|Any CPU
		{F1663B8D-11EB-4BA8-A7E6-5D3DA10C495A}.Debug|x64.ActiveCfg = Debug|Any CPU
		{F1663B8D-11EB-4BA8-A7E6-5D3DA10C495A}.Debug|x64.Build.0 = Debug|Any CPU
		{F1663B8D-11EB-4BA8-A7E6-5D3DA10C495A}.Debug|x86.ActiveCfg = Debug|Any CPU
		{F1663B8D-11EB-4BA8-A7E6-5D3DA10C495A}.Debug|x86.Build.0 = Debug|Any CPU
		{F1663B8D-11EB-4BA8-A7E6-5D3DA10C495A}.Release|Any CPU.ActiveCfg = Release|Any CPU
		{F1663B8D-11EB-4BA8-A7E6-5D3DA10C495A}.Release|Any CPU.Build.0 = Release|Any CPU
		{F1663B8D-11EB-4BA8-A7E6-5D3DA10C495A}.Release|x64.ActiveCfg = Release|Any CPU
		{F1663B8D-11EB-4BA8-A7E6-5D3DA10C495A}.Release|x64.Build.0 = Release|Any CPU
		{F1663B8D-11EB-4BA8-A7E6-5D3DA10C495A}.Release|x86.ActiveCfg = Release|Any CPU
		{F1663B8D-11EB-4BA8-A7E6-5D3DA10C495A}.Release|x86.Build.0 = Release|Any CPU
		{5FA48F97-372E-4E35-9267-56AE05992965}.Debug|Any CPU.ActiveCfg = Debug|Any CPU
		{5FA48F97-372E-4E35-9267-56AE05992965}.Debug|Any CPU.Build.0 = Debug|Any CPU
		{5FA48F97-372E-4E35-9267-56AE05992965}.Debug|x64.ActiveCfg = Debug|Any CPU
		{5FA48F97-372E-4E35-9267-56AE05992965}.Debug|x64.Build.0 = Debug|Any CPU
		{5FA48F97-372E-4E35-9267-56AE05992965}.Debug|x86.ActiveCfg = Debug|Any CPU
		{5FA48F97-372E-4E35-9267-56AE05992965}.Debug|x86.Build.0 = Debug|Any CPU
		{5FA48F97-372E-4E35-9267-56AE05992965}.Release|Any CPU.ActiveCfg = Release|Any CPU
		{5FA48F97-372E-4E35-9267-56AE05992965}.Release|Any CPU.Build.0 = Release|Any CPU
		{5FA48F97-372E-4E35-9267-56AE05992965}.Release|x64.ActiveCfg = Release|Any CPU
		{5FA48F97-372E-4E35-9267-56AE05992965}.Release|x64.Build.0 = Release|Any CPU
		{5FA48F97-372E-4E35-9267-56AE05992965}.Release|x86.ActiveCfg = Release|Any CPU
		{5FA48F97-372E-4E35-9267-56AE05992965}.Release|x86.Build.0 = Release|Any CPU
		{7F6AD61C-A6B5-4730-85C4-84A928AF5AB7}.Debug|Any CPU.ActiveCfg = Debug|Any CPU
		{7F6AD61C-A6B5-4730-85C4-84A928AF5AB7}.Debug|Any CPU.Build.0 = Debug|Any CPU
		{7F6AD61C-A6B5-4730-85C4-84A928AF5AB7}.Debug|x64.ActiveCfg = Debug|Any CPU
		{7F6AD61C-A6B5-4730-85C4-84A928AF5AB7}.Debug|x64.Build.0 = Debug|Any CPU
		{7F6AD61C-A6B5-4730-85C4-84A928AF5AB7}.Debug|x86.ActiveCfg = Debug|Any CPU
		{7F6AD61C-A6B5-4730-85C4-84A928AF5AB7}.Debug|x86.Build.0 = Debug|Any CPU
		{7F6AD61C-A6B5-4730-85C4-84A928AF5AB7}.Release|Any CPU.ActiveCfg = Release|Any CPU
		{7F6AD61C-A6B5-4730-85C4-84A928AF5AB7}.Release|Any CPU.Build.0 = Release|Any CPU
		{7F6AD61C-A6B5-4730-85C4-84A928AF5AB7}.Release|x64.ActiveCfg = Release|Any CPU
		{7F6AD61C-A6B5-4730-85C4-84A928AF5AB7}.Release|x64.Build.0 = Release|Any CPU
		{7F6AD61C-A6B5-4730-85C4-84A928AF5AB7}.Release|x86.ActiveCfg = Release|Any CPU
		{7F6AD61C-A6B5-4730-85C4-84A928AF5AB7}.Release|x86.Build.0 = Release|Any CPU
		{D6E43727-5C2C-4A00-BD63-2BE9C3502F98}.Debug|Any CPU.ActiveCfg = Debug|Any CPU
		{D6E43727-5C2C-4A00-BD63-2BE9C3502F98}.Debug|Any CPU.Build.0 = Debug|Any CPU
		{D6E43727-5C2C-4A00-BD63-2BE9C3502F98}.Debug|x64.ActiveCfg = Debug|Any CPU
		{D6E43727-5C2C-4A00-BD63-2BE9C3502F98}.Debug|x64.Build.0 = Debug|Any CPU
		{D6E43727-5C2C-4A00-BD63-2BE9C3502F98}.Debug|x86.ActiveCfg = Debug|Any CPU
		{D6E43727-5C2C-4A00-BD63-2BE9C3502F98}.Debug|x86.Build.0 = Debug|Any CPU
		{D6E43727-5C2C-4A00-BD63-2BE9C3502F98}.Release|Any CPU.ActiveCfg = Release|Any CPU
		{D6E43727-5C2C-4A00-BD63-2BE9C3502F98}.Release|Any CPU.Build.0 = Release|Any CPU
		{D6E43727-5C2C-4A00-BD63-2BE9C3502F98}.Release|x64.ActiveCfg = Release|Any CPU
		{D6E43727-5C2C-4A00-BD63-2BE9C3502F98}.Release|x64.Build.0 = Release|Any CPU
		{D6E43727-5C2C-4A00-BD63-2BE9C3502F98}.Release|x86.ActiveCfg = Release|Any CPU
		{D6E43727-5C2C-4A00-BD63-2BE9C3502F98}.Release|x86.Build.0 = Release|Any CPU
		{180CB9D6-8CE6-4612-9119-194F3F190FCE}.Debug|Any CPU.ActiveCfg = Debug|Any CPU
		{180CB9D6-8CE6-4612-9119-194F3F190FCE}.Debug|Any CPU.Build.0 = Debug|Any CPU
		{180CB9D6-8CE6-4612-9119-194F3F190FCE}.Debug|x64.ActiveCfg = Debug|Any CPU
		{180CB9D6-8CE6-4612-9119-194F3F190FCE}.Debug|x64.Build.0 = Debug|Any CPU
		{180CB9D6-8CE6-4612-9119-194F3F190FCE}.Debug|x86.ActiveCfg = Debug|Any CPU
		{180CB9D6-8CE6-4612-9119-194F3F190FCE}.Debug|x86.Build.0 = Debug|Any CPU
		{180CB9D6-8CE6-4612-9119-194F3F190FCE}.Release|Any CPU.ActiveCfg = Release|Any CPU
		{180CB9D6-8CE6-4612-9119-194F3F190FCE}.Release|Any CPU.Build.0 = Release|Any CPU
		{180CB9D6-8CE6-4612-9119-194F3F190FCE}.Release|x64.ActiveCfg = Release|Any CPU
		{180CB9D6-8CE6-4612-9119-194F3F190FCE}.Release|x64.Build.0 = Release|Any CPU
		{180CB9D6-8CE6-4612-9119-194F3F190FCE}.Release|x86.ActiveCfg = Release|Any CPU
		{180CB9D6-8CE6-4612-9119-194F3F190FCE}.Release|x86.Build.0 = Release|Any CPU
	EndGlobalSection
	GlobalSection(SolutionProperties) = preSolution
		HideSolutionNode = FALSE
	EndGlobalSection
EndGlobal
